
Microsoft Visual Studio Solution File, Format Version 12.00
# Visual Studio Version 16
VisualStudioVersion = 16.0.30907.101
MinimumVisualStudioVersion = 10.0.40219.1
Project("{9A19103F-16F7-4668-BE54-9A1E7A4F7556}") = "PartyInvites", "PartyInvites.csproj", "{AA89C50B-60D6-4F4A-AE44-4E295C3F32E6}"
EndProject
Global
	GlobalSection(SolutionConfigurationPlatforms) = preSolution
		Debug|Any CPU = Debug|Any CPU
		Release|Any CPU = Release|Any CPU
	EndGlobalSection
	GlobalSection(ProjectConfigurationPlatforms) = postSolution
		{AA89C50B-60D6-4F4A-AE44-4E295C3F32E6}.Debug|Any CPU.ActiveCfg = Debug|Any CPU
		{AA89C50B-60D6-4F4A-AE44-4E295C3F32E6}.Debug|Any CPU.Build.0 = Debug|Any CPU
		{AA89C50B-60D6-4F4A-AE44-4E295C3F32E6}.Release|Any CPU.ActiveCfg = Release|Any CPU
		{AA89C50B-60D6-4F4A-AE44-4E295C3F32E6}.Release|Any CPU.Build.0 = Release|Any CPU
	EndGlobalSection
	GlobalSection(SolutionProperties) = preSolution
		HideSolutionNode = FALSE
	EndGlobalSection
	GlobalSection(ExtensibilityGlobals) = postSolution
		SolutionGuid = {A2B17573-9A4F-40FB-B43E-9297F16B46AB}
	EndGlobalSection
EndGlobal
